
Microsoft Visual Studio Solution File, Format Version 12.00
# Visual Studio Version 16
VisualStudioVersion = 16.0.30002.166
MinimumVisualStudioVersion = 10.0.40219.1
Project("{9A19103F-16F7-4668-BE54-9A1E7A4F7556}") = "Catmash", "Catmash\Catmash.csproj", "{110C301D-C29F-43EB-90FA-08B86925530E}"
EndProject
Project("{FAE04EC0-301F-11D3-BF4B-00C04F79EFBC}") = "Catmash.UnitTests", "Catmash.UnitTests\Catmash.UnitTests.csproj", "{9D0744A9-01A9-448C-A12A-C915B36A9379}"
EndProject
Global
	GlobalSection(SolutionConfigurationPlatforms) = preSolution
		Debug|Any CPU = Debug|Any CPU
		Release|Any CPU = Release|Any CPU
	EndGlobalSection
	GlobalSection(ProjectConfigurationPlatforms) = postSolution
		{110C301D-C29F-43EB-90FA-08B86925530E}.Debug|Any CPU.ActiveCfg = Debug|Any CPU
		{110C301D-C29F-43EB-90FA-08B86925530E}.Debug|Any CPU.Build.0 = Debug|Any CPU
		{110C301D-C29F-43EB-90FA-08B86925530E}.Release|Any CPU.ActiveCfg = Release|Any CPU
		{110C301D-C29F-43EB-90FA-08B86925530E}.Release|Any CPU.Build.0 = Release|Any CPU
		{9D0744A9-01A9-448C-A12A-C915B36A9379}.Debug|Any CPU.ActiveCfg = Debug|Any CPU
		{9D0744A9-01A9-448C-A12A-C915B36A9379}.Debug|Any CPU.Build.0 = Debug|Any CPU
		{9D0744A9-01A9-448C-A12A-C915B36A9379}.Release|Any CPU.ActiveCfg = Release|Any CPU
		{9D0744A9-01A9-448C-A12A-C915B36A9379}.Release|Any CPU.Build.0 = Release|Any CPU
	EndGlobalSection
	GlobalSection(SolutionProperties) = preSolution
		HideSolutionNode = FALSE
	EndGlobalSection
	GlobalSection(ExtensibilityGlobals) = postSolution
		SolutionGuid = {AC5216D7-6D53-4E18-ADF7-A76152072E97}
	EndGlobalSection
EndGlobal
